
Microsoft Visual Studio Solution File, Format Version 12.00
Project("{FAE04EC0-301F-11D3-BF4B-00C04F79EFBC}") = "Hootify", "Hootify\Hootify.csproj", "{1874A20F-0FA8-4108-B135-CA9032F38FF8}"
EndProject
Global
	GlobalSection(SolutionConfigurationPlatforms) = preSolution
		Debug|Any CPU = Debug|Any CPU
		Release|Any CPU = Release|Any CPU
	EndGlobalSection
	GlobalSection(ProjectConfigurationPlatforms) = postSolution
		{1874A20F-0FA8-4108-B135-CA9032F38FF8}.Debug|Any CPU.ActiveCfg = Debug|Any CPU
		{1874A20F-0FA8-4108-B135-CA9032F38FF8}.Debug|Any CPU.Build.0 = Debug|Any CPU
		{1874A20F-0FA8-4108-B135-CA9032F38FF8}.Release|Any CPU.ActiveCfg = Release|Any CPU
		{1874A20F-0FA8-4108-B135-CA9032F38FF8}.Release|Any CPU.Build.0 = Release|Any CPU
	EndGlobalSection
EndGlobal
